{
  "name": "dropcss",
  "version": "1.0.0",
  "lockfileVersion": 2,
  "requires": true,
  "packages": {
    "": {
      "name": "dropcss",
      "version": "1.0.0",
      "license": "ISC",
      "dependencies": {
        "dropcss": "^1.0.16"
      }
    },
    "node_modules/dropcss": {
      "version": "1.0.16",
      "resolved": "https://registry.npmjs.org/dropcss/-/dropcss-1.0.16.tgz",
      "integrity": "sha512-QgA6BUh2SoBYE/dSuMmeGhNdoGtGewt3Rn66xKyXoGNyjrKRXf163wuM+xeQ83p87l/3ALoB6Il1dgKyGS5pEw=="
    }
  },
  "dependencies": {
    "dropcss": {
      "version": "1.0.16",
      "resolved": "https://registry.npmjs.org/dropcss/-/dropcss-1.0.16.tgz",
      "integrity": "sha512-QgA6BUh2SoBYE/dSuMmeGhNdoGtGewt3Rn66xKyXoGNyjrKRXf163wuM+xeQ83p87l/3ALoB6Il1dgKyGS5pEw=="
    }
  }
}
